{
  "name": "doyen-lib",
  "version": "0.0.1",
  "lockfileVersion": 1,
  "requires": true,
  "dependencies": {
    "@types/geojson": {
      "version": "7946.0.4",
      "resolved": "https://registry.npmjs.org/@types/geojson/-/geojson-7946.0.4.tgz",
      "integrity": "sha512-MHmwBtCb7OCv1DSivz2UNJXPGU/1btAWRKlqJ2saEhVJkpkvqHMMaOpKg0v4sAbDWSQekHGvPVMM8nQ+Jen03Q==",
      "dev": true
    },
    "@types/highcharts": {
      "version": "5.0.27",
      "resolved": "https://registry.npmjs.org/@types/highcharts/-/highcharts-5.0.27.tgz",
      "integrity": "sha512-xBuzFiXbZyM+wv1qKB4GnXVKeEHTngnN5gXPewjQmHD2z1sqoSqTkZrcv8SAqAR/nu9PBpdiGy2ReWNATScGRQ==",
      "dev": true,
      "requires": {
        "@types/geojson": "7946.0.4"
      }
    },
    "highcharts": {
      "version": "6.1.2",
      "resolved": "https://registry.npmjs.org/highcharts/-/highcharts-6.1.2.tgz",
      "integrity": "sha512-uRbfxom6CPubxj+kUBiUQbbAQuaEARJx/Fe2th35MwiB1SmJhXfYVwje0pXY/l1C9f/XurNtNY/Y07pPIQLa+w=="
    }
  }
}
