{
  "name": "@nikx/uma",
  "version": "0.0.1",
  "lockfileVersion": 1,
  "requires": true,
  "dependencies": {
    "@types/geojson": {
      "version": "7946.0.4",
      "resolved": "https://registry.npmjs.org/@types/geojson/-/geojson-7946.0.4.tgz",
      "integrity": "sha512-MHmwBtCb7OCv1DSivz2UNJXPGU/1btAWRKlqJ2saEhVJkpkvqHMMaOpKg0v4sAbDWSQekHGvPVMM8nQ+Jen03Q==",
      "dev": true
    },
    "@types/highcharts": {
      "version": "5.0.27",
      "resolved": "https://registry.npmjs.org/@types/highcharts/-/highcharts-5.0.27.tgz",
      "integrity": "sha512-xBuzFiXbZyM+wv1qKB4GnXVKeEHTngnN5gXPewjQmHD2z1sqoSqTkZrcv8SAqAR/nu9PBpdiGy2ReWNATScGRQ==",
      "dev": true,
      "requires": {
        "@types/geojson": "*"
      }
    },
    "foundation-sites": {
      "version": "6.5.0-rc.3",
      "resolved": "https://registry.npmjs.org/foundation-sites/-/foundation-sites-6.5.0-rc.3.tgz",
      "integrity": "sha512-EAGLPdPTE2N0WwXaNdF0rL7Z8cj1rp0PA6ifCM0MrtqdDYwlyLv8eU7fJfd0YapdP/w8w7GkAtb6hTqk1tK0AQ=="
    }
  }
}
